
Microsoft Visual Studio Solution File, Format Version 12.00
# Visual Studio Version 16
VisualStudioVersion = 16.0.31624.102
MinimumVisualStudioVersion = 10.0.40219.1
Project("{FAE04EC0-301F-11D3-BF4B-00C04F79EFBC}") = "Login", "Login.csproj", "{6F89304F-9CE2-4053-9ED3-25D3EC2299B5}"
EndProject
Project("{FAE04EC0-301F-11D3-BF4B-00C04F79EFBC}") = "Datos", "..\Datos\Datos.csproj", "{772A14BF-C939-4591-A168-7F4D15B88B07}"
EndProject
Global
	GlobalSection(SolutionConfigurationPlatforms) = preSolution
		Debug|Any CPU = Debug|Any CPU
		Release|Any CPU = Release|Any CPU
	EndGlobalSection
	GlobalSection(ProjectConfigurationPlatforms) = postSolution
		{6F89304F-9CE2-4053-9ED3-25D3EC2299B5}.Debug|Any CPU.ActiveCfg = Debug|Any CPU
		{6F89304F-9CE2-4053-9ED3-25D3EC2299B5}.Debug|Any CPU.Build.0 = Debug|Any CPU
		{6F89304F-9CE2-4053-9ED3-25D3EC2299B5}.Release|Any CPU.ActiveCfg = Release|Any CPU
		{6F89304F-9CE2-4053-9ED3-25D3EC2299B5}.Release|Any CPU.Build.0 = Release|Any CPU
		{772A14BF-C939-4591-A168-7F4D15B88B07}.Debug|Any CPU.ActiveCfg = Debug|Any CPU
		{772A14BF-C939-4591-A168-7F4D15B88B07}.Debug|Any CPU.Build.0 = Debug|Any CPU
		{772A14BF-C939-4591-A168-7F4D15B88B07}.Release|Any CPU.ActiveCfg = Release|Any CPU
		{772A14BF-C939-4591-A168-7F4D15B88B07}.Release|Any CPU.Build.0 = Release|Any CPU
	EndGlobalSection
	GlobalSection(SolutionProperties) = preSolution
		HideSolutionNode = FALSE
	EndGlobalSection
	GlobalSection(ExtensibilityGlobals) = postSolution
		SolutionGuid = {3084901D-FFCE-4053-BD37-ADE03711D441}
	EndGlobalSection
EndGlobal
